
Microsoft Visual Studio Solution File, Format Version 12.00
# Visual Studio 2013
VisualStudioVersion = 12.0.30723.0
MinimumVisualStudioVersion = 10.0.40219.1
Project("{FAE04EC0-301F-11D3-BF4B-00C04F79EFBC}") = "Rezygnacja", "Rezygnacja\Rezygnacja.csproj", "{ADFB847C-3B9B-4E0C-AC22-4868497A891B}"
EndProject
Project("{FAE04EC0-301F-11D3-BF4B-00C04F79EFBC}") = "RezygnacjaTests", "RezygnacjaTests\RezygnacjaTests.csproj", "{68FED171-C652-48B3-B85D-8B1AEE3F79BC}"
EndProject
Global
	GlobalSection(SolutionConfigurationPlatforms) = preSolution
		Debug|Any CPU = Debug|Any CPU
		Release|Any CPU = Release|Any CPU
	EndGlobalSection
	GlobalSection(ProjectConfigurationPlatforms) = postSolution
		{ADFB847C-3B9B-4E0C-AC22-4868497A891B}.Debug|Any CPU.ActiveCfg = Debug|Any CPU
		{ADFB847C-3B9B-4E0C-AC22-4868497A891B}.Debug|Any CPU.Build.0 = Debug|Any CPU
		{ADFB847C-3B9B-4E0C-AC22-4868497A891B}.Release|Any CPU.ActiveCfg = Release|Any CPU
		{ADFB847C-3B9B-4E0C-AC22-4868497A891B}.Release|Any CPU.Build.0 = Release|Any CPU
		{68FED171-C652-48B3-B85D-8B1AEE3F79BC}.Debug|Any CPU.ActiveCfg = Debug|Any CPU
		{68FED171-C652-48B3-B85D-8B1AEE3F79BC}.Debug|Any CPU.Build.0 = Debug|Any CPU
		{68FED171-C652-48B3-B85D-8B1AEE3F79BC}.Release|Any CPU.ActiveCfg = Release|Any CPU
		{68FED171-C652-48B3-B85D-8B1AEE3F79BC}.Release|Any CPU.Build.0 = Release|Any CPU
	EndGlobalSection
	GlobalSection(SolutionProperties) = preSolution
		HideSolutionNode = FALSE
	EndGlobalSection
EndGlobal
